
Microsoft Visual Studio Solution File, Format Version 12.00
# Visual Studio Version 17
VisualStudioVersion = 17.8.34004.107
MinimumVisualStudioVersion = 10.0.40219.1
Project("{9A19103F-16F7-4668-BE54-9A1E7A4F7556}") = "InMemoryApp.Web", "InMemoryApp.Web\InMemoryApp.Web.csproj", "{04EDA078-7255-40E1-B933-AC9B064B856B}"
EndProject
Project("{FAE04EC0-301F-11D3-BF4B-00C04F79EFBC}") = "IDistributedCacheRedisApp.Web", "IDistributedCacheRedisApp.Web\IDistributedCacheRedisApp.Web.csproj", "{17BE32B2-546E-4F79-BBFF-8A23FF135115}"
EndProject
Global
	GlobalSection(SolutionConfigurationPlatforms) = preSolution
		Debug|Any CPU = Debug|Any CPU
		Release|Any CPU = Release|Any CPU
	EndGlobalSection
	GlobalSection(ProjectConfigurationPlatforms) = postSolution
		{04EDA078-7255-40E1-B933-AC9B064B856B}.Debug|Any CPU.ActiveCfg = Debug|Any CPU
		{04EDA078-7255-40E1-B933-AC9B064B856B}.Debug|Any CPU.Build.0 = Debug|Any CPU
		{04EDA078-7255-40E1-B933-AC9B064B856B}.Release|Any CPU.ActiveCfg = Release|Any CPU
		{04EDA078-7255-40E1-B933-AC9B064B856B}.Release|Any CPU.Build.0 = Release|Any CPU
		{17BE32B2-546E-4F79-BBFF-8A23FF135115}.Debug|Any CPU.ActiveCfg = Debug|Any CPU
		{17BE32B2-546E-4F79-BBFF-8A23FF135115}.Debug|Any CPU.Build.0 = Debug|Any CPU
		{17BE32B2-546E-4F79-BBFF-8A23FF135115}.Release|Any CPU.ActiveCfg = Release|Any CPU
		{17BE32B2-546E-4F79-BBFF-8A23FF135115}.Release|Any CPU.Build.0 = Release|Any CPU
	EndGlobalSection
	GlobalSection(SolutionProperties) = preSolution
		HideSolutionNode = FALSE
	EndGlobalSection
	GlobalSection(ExtensibilityGlobals) = postSolution
		SolutionGuid = {3E00E58F-67B7-4A72-8527-1E879D089CCA}
	EndGlobalSection
EndGlobal
